
Microsoft Visual Studio Solution File, Format Version 12.00
# Visual Studio Version 16
VisualStudioVersion = 16.0.29806.167
MinimumVisualStudioVersion = 10.0.40219.1
Project("{8BC9CEB8-8B4A-11D0-8D11-00A0C91BC942}") = "candyCrush", "candyCrush\candyCrush.vcxproj", "{EBE70294-B765-4BE7-928F-E65E4F01A7AA}"
EndProject
Global
	GlobalSection(SolutionConfigurationPlatforms) = preSolution
		Debug|x64 = Debug|x64
		Debug|x86 = Debug|x86
		Release|x64 = Release|x64
		Release|x86 = Release|x86
	EndGlobalSection
	GlobalSection(ProjectConfigurationPlatforms) = postSolution
		{EBE70294-B765-4BE7-928F-E65E4F01A7AA}.Debug|x64.ActiveCfg = Debug|x64
		{EBE70294-B765-4BE7-928F-E65E4F01A7AA}.Debug|x64.Build.0 = Debug|x64
		{EBE70294-B765-4BE7-928F-E65E4F01A7AA}.Debug|x86.ActiveCfg = Debug|Win32
		{EBE70294-B765-4BE7-928F-E65E4F01A7AA}.Debug|x86.Build.0 = Debug|Win32
		{EBE70294-B765-4BE7-928F-E65E4F01A7AA}.Release|x64.ActiveCfg = Release|x64
		{EBE70294-B765-4BE7-928F-E65E4F01A7AA}.Release|x64.Build.0 = Release|x64
		{EBE70294-B765-4BE7-928F-E65E4F01A7AA}.Release|x86.ActiveCfg = Release|Win32
		{EBE70294-B765-4BE7-928F-E65E4F01A7AA}.Release|x86.Build.0 = Release|Win32
	EndGlobalSection
	GlobalSection(SolutionProperties) = preSolution
		HideSolutionNode = FALSE
	EndGlobalSection
	GlobalSection(ExtensibilityGlobals) = postSolution
		SolutionGuid = {1016C89E-4385-4436-9AA9-7DCA88D77459}
	EndGlobalSection
EndGlobal
